
Microsoft Visual Studio Solution File, Format Version 11.00
# Visual Studio 2010
Project("{FAE04EC0-301F-11D3-BF4B-00C04F79EFBC}") = "HelloGIT", "HelloGIT\HelloGIT.csproj", "{BF0B8B0C-E93F-41CE-A681-788DBE5B025B}"
EndProject
Global
	GlobalSection(SolutionConfigurationPlatforms) = preSolution
		Debug|x86 = Debug|x86
		Release|x86 = Release|x86
	EndGlobalSection
	GlobalSection(ProjectConfigurationPlatforms) = postSolution
		{BF0B8B0C-E93F-41CE-A681-788DBE5B025B}.Debug|x86.ActiveCfg = Debug|x86
		{BF0B8B0C-E93F-41CE-A681-788DBE5B025B}.Debug|x86.Build.0 = Debug|x86
		{BF0B8B0C-E93F-41CE-A681-788DBE5B025B}.Release|x86.ActiveCfg = Release|x86
		{BF0B8B0C-E93F-41CE-A681-788DBE5B025B}.Release|x86.Build.0 = Release|x86
	EndGlobalSection
	GlobalSection(SolutionProperties) = preSolution
		HideSolutionNode = FALSE
	EndGlobalSection
EndGlobal
